
Microsoft Visual Studio Solution File, Format Version 12.00
# Visual Studio Version 17
VisualStudioVersion = 17.0.32112.339
MinimumVisualStudioVersion = 10.0.40219.1
Project("{FAE04EC0-301F-11D3-BF4B-00C04F79EFBC}") = "Project_School", "Project_School\Project_School.csproj", "{1A94A71D-8BD7-483A-8F97-B099A3571A84}"
EndProject
Global
	GlobalSection(SolutionConfigurationPlatforms) = preSolution
		Debug|Any CPU = Debug|Any CPU
		Release|Any CPU = Release|Any CPU
	EndGlobalSection
	GlobalSection(ProjectConfigurationPlatforms) = postSolution
		{1A94A71D-8BD7-483A-8F97-B099A3571A84}.Debug|Any CPU.ActiveCfg = Debug|Any CPU
		{1A94A71D-8BD7-483A-8F97-B099A3571A84}.Debug|Any CPU.Build.0 = Debug|Any CPU
		{1A94A71D-8BD7-483A-8F97-B099A3571A84}.Release|Any CPU.ActiveCfg = Release|Any CPU
		{1A94A71D-8BD7-483A-8F97-B099A3571A84}.Release|Any CPU.Build.0 = Release|Any CPU
	EndGlobalSection
	GlobalSection(SolutionProperties) = preSolution
		HideSolutionNode = FALSE
	EndGlobalSection
	GlobalSection(ExtensibilityGlobals) = postSolution
		SolutionGuid = {15476E70-23BD-4042-ABD3-0EA53F95AB5D}
	EndGlobalSection
EndGlobal
